{
  "nodes": {
    "nixpkgs": {
      "locked": {
        "lastModified": 1745794561,
        "narHash": "sha256-T36rUZHUART00h3dW4sV5tv4MrXKT7aWjNfHiZz7OHg=",
        "owner": "nixos",
        "repo": "nixpkgs",
        "rev": "5461b7fa65f3ca74cef60be837fd559a8918eaa0",
        "type": "github"
      },
      "original": {
        "owner": "nixos",
        "ref": "nixos-unstable",
        "repo": "nixpkgs",
        "type": "github"
      }
    },
    "nixpkgs-semver_2_13": {
      "locked": {
        "lastModified": 1616660301,
        "narHash": "sha256-xilZzwijuplxa04krMBsvDwEAsXkvGpDrLSmv3LxSdo=",
        "owner": "nixos",
        "repo": "nixpkgs",
        "rev": "92a955754d197a5161ab4c3ce5193b4c4eb1edcc",
        "type": "github"
      },
      "original": {
        "owner": "nixos",
        "ref": "92a955754d197a5161ab4c3ce5193b4c4eb1edcc",
        "repo": "nixpkgs",
        "type": "github"
      }
    },
    "root": {
      "inputs": {
        "nixpkgs": "nixpkgs",
        "nixpkgs-semver_2_13": "nixpkgs-semver_2_13"
      }
    }
  },
  "root": "root",
  "version": 7
}
