{
  "nodes": {
    "nixpkgs": {
      "locked": {
        "lastModified": 1741600792,
        "narHash": "sha256-yfDy6chHcM7pXpMF4wycuuV+ILSTG486Z/vLx/Bdi6Y=",
        "owner": "nixos",
        "repo": "nixpkgs",
        "rev": "ebe2788eafd539477f83775ef93c3c7e244421d3",
        "type": "github"
      },
      "original": {
        "owner": "nixos",
        "ref": "nixos-24.11",
        "repo": "nixpkgs",
        "type": "github"
      }
    },
    "nixpkgs-semver_2_13": {
      "locked": {
        "lastModified": 1616660301,
        "narHash": "sha256-xilZzwijuplxa04krMBsvDwEAsXkvGpDrLSmv3LxSdo=",
        "owner": "nixos",
        "repo": "nixpkgs",
        "rev": "92a955754d197a5161ab4c3ce5193b4c4eb1edcc",
        "type": "github"
      },
      "original": {
        "owner": "nixos",
        "ref": "92a955754d197a5161ab4c3ce5193b4c4eb1edcc",
        "repo": "nixpkgs",
        "type": "github"
      }
    },
    "root": {
      "inputs": {
        "nixpkgs": "nixpkgs",
        "nixpkgs-semver_2_13": "nixpkgs-semver_2_13"
      }
    }
  },
  "root": "root",
  "version": 7
}
